Microsoft Visual Studio Solution File, Format Version 12.00
# Visual Studio Version 16
VisualStudioVersion = 16.0.0.0
MinimumVisualStudioVersion = 16.0.0.0
Project("{9A19103F-16F7-4668-BE54-9A1E7A4F7556}") = "BlazorAuthorize", "BlazorAuthorize\BlazorAuthorize.csproj", "{42605955-B898-45EE-A97D-E711A290FF40}"
EndProject
Project("{9A19103F-16F7-4668-BE54-9A1E7A4F7556}") = "BlazorAuthorize.Client", "BlazorAuthorize.Client\BlazorAuthorize.Client.csproj", "{C26C3046-9AED-4795-A74D-D64F4260E075}"
EndProject
Global
	GlobalSection(SolutionConfigurationPlatforms) = preSolution
		Debug|Any CPU = Debug|Any CPU
		Debug|x64 = Debug|x64
		Debug|x86 = Debug|x86
		Release|Any CPU = Release|Any CPU
		Release|x64 = Release|x64
		Release|x86 = Release|x86
	EndGlobalSection
	GlobalSection(ProjectConfigurationPlatforms) = postSolution
		{C26C3046-9AED-4795-A74D-D64F4260E075}.Debug|Any CPU.ActiveCfg = Debug|Any CPU
		{C26C3046-9AED-4795-A74D-D64F4260E075}.Debug|Any CPU.Build.0 = Debug|Any CPU
		{C26C3046-9AED-4795-A74D-D64F4260E075}.Debug|x64.ActiveCfg = Debug|Any CPU
		{C26C3046-9AED-4795-A74D-D64F4260E075}.Debug|x64.Build.0 = Debug|Any CPU
		{C26C3046-9AED-4795-A74D-D64F4260E075}.Debug|x86.ActiveCfg = Debug|Any CPU
		{C26C3046-9AED-4795-A74D-D64F4260E075}.Debug|x86.Build.0 = Debug|Any CPU
		{C26C3046-9AED-4795-A74D-D64F4260E075}.Release|Any CPU.ActiveCfg = Release|Any CPU
		{C26C3046-9AED-4795-A74D-D64F4260E075}.Release|Any CPU.Build.0 = Release|Any CPU
		{C26C3046-9AED-4795-A74D-D64F4260E075}.Release|x64.ActiveCfg = Release|Any CPU
		{C26C3046-9AED-4795-A74D-D64F4260E075}.Release|x64.Build.0 = Release|Any CPU
		{C26C3046-9AED-4795-A74D-D64F4260E075}.Release|x86.ActiveCfg = Release|Any CPU
		{C26C3046-9AED-4795-A74D-D64F4260E075}.Release|x86.Build.0 = Release|Any CPU
		{42605955-B898-45EE-A97D-E711A290FF40}.Debug|Any CPU.ActiveCfg = Debug|Any CPU
		{42605955-B898-45EE-A97D-E711A290FF40}.Debug|Any CPU.Build.0 = Debug|Any CPU
		{42605955-B898-45EE-A97D-E711A290FF40}.Debug|x64.ActiveCfg = Debug|Any CPU
		{42605955-B898-45EE-A97D-E711A290FF40}.Debug|x64.Build.0 = Debug|Any CPU
		{42605955-B898-45EE-A97D-E711A290FF40}.Debug|x86.ActiveCfg = Debug|Any CPU
		{42605955-B898-45EE-A97D-E711A290FF40}.Debug|x86.Build.0 = Debug|Any CPU
		{42605955-B898-45EE-A97D-E711A290FF40}.Release|Any CPU.ActiveCfg = Release|Any CPU
		{42605955-B898-45EE-A97D-E711A290FF40}.Release|Any CPU.Build.0 = Release|Any CPU
		{42605955-B898-45EE-A97D-E711A290FF40}.Release|x64.ActiveCfg = Release|Any CPU
		{42605955-B898-45EE-A97D-E711A290FF40}.Release|x64.Build.0 = Release|Any CPU
		{42605955-B898-45EE-A97D-E711A290FF40}.Release|x86.ActiveCfg = Release|Any CPU
		{42605955-B898-45EE-A97D-E711A290FF40}.Release|x86.Build.0 = Release|Any CPU
	EndGlobalSection
	GlobalSection(SolutionProperties) = preSolution
		HideSolutionNode = FALSE
	EndGlobalSection
	GlobalSection(ExtensibilityGlobals) = postSolution
		SolutionGuid = {023F61A1-70ED-432D-8238-3E429E1E1974}
	EndGlobalSection
EndGlobal
